
Microsoft Visual Studio Solution File, Format Version 12.00
# Visual Studio Version 16
VisualStudioVersion = 16.0.29609.76
MinimumVisualStudioVersion = 10.0.40219.1
Project("{FAE04EC0-301F-11D3-BF4B-00C04F79EFBC}") = "NavegacionPractica.Android", "NavegacionPractica\NavegacionPractica.Android\NavegacionPractica.Android.csproj", "{4D6A6F9F-49A2-4A85-B387-31E64A4CE98C}"
EndProject
Project("{FAE04EC0-301F-11D3-BF4B-00C04F79EFBC}") = "NavegacionPractica.iOS", "NavegacionPractica\NavegacionPractica.iOS\NavegacionPractica.iOS.csproj", "{CF84053C-0CBD-4BC9-9331-2D24401A1738}"
EndProject
Project("{FAE04EC0-301F-11D3-BF4B-00C04F79EFBC}") = "NavegacionPractica", "NavegacionPractica\NavegacionPractica\NavegacionPractica.csproj", "{AE012215-A87D-4A8B-B338-5FC791BAC5F9}"
EndProject
Global
	GlobalSection(SolutionConfigurationPlatforms) = preSolution
		Debug|Any CPU = Debug|Any CPU
		Debug|iPhone = Debug|iPhone
		Debug|iPhoneSimulator = Debug|iPhoneSimulator
		Release|Any CPU = Release|Any CPU
		Release|iPhone = Release|iPhone
		Release|iPhoneSimulator = Release|iPhoneSimulator
	EndGlobalSection
	GlobalSection(ProjectConfigurationPlatforms) = postSolution
		{4D6A6F9F-49A2-4A85-B387-31E64A4CE98C}.Debug|Any CPU.ActiveCfg = Debug|Any CPU
		{4D6A6F9F-49A2-4A85-B387-31E64A4CE98C}.Debug|Any CPU.Build.0 = Debug|Any CPU
		{4D6A6F9F-49A2-4A85-B387-31E64A4CE98C}.Debug|Any CPU.Deploy.0 = Debug|Any CPU
		{4D6A6F9F-49A2-4A85-B387-31E64A4CE98C}.Debug|iPhone.ActiveCfg = Debug|Any CPU
		{4D6A6F9F-49A2-4A85-B387-31E64A4CE98C}.Debug|iPhone.Build.0 = Debug|Any CPU
		{4D6A6F9F-49A2-4A85-B387-31E64A4CE98C}.Debug|iPhone.Deploy.0 = Debug|Any CPU
		{4D6A6F9F-49A2-4A85-B387-31E64A4CE98C}.Debug|iPhoneSimulator.ActiveCfg = Debug|Any CPU
		{4D6A6F9F-49A2-4A85-B387-31E64A4CE98C}.Debug|iPhoneSimulator.Build.0 = Debug|Any CPU
		{4D6A6F9F-49A2-4A85-B387-31E64A4CE98C}.Debug|iPhoneSimulator.Deploy.0 = Debug|Any CPU
		{4D6A6F9F-49A2-4A85-B387-31E64A4CE98C}.Release|Any CPU.ActiveCfg = Release|Any CPU
		{4D6A6F9F-49A2-4A85-B387-31E64A4CE98C}.Release|Any CPU.Build.0 = Release|Any CPU
		{4D6A6F9F-49A2-4A85-B387-31E64A4CE98C}.Release|Any CPU.Deploy.0 = Release|Any CPU
		{4D6A6F9F-49A2-4A85-B387-31E64A4CE98C}.Release|iPhone.ActiveCfg = Release|Any CPU
		{4D6A6F9F-49A2-4A85-B387-31E64A4CE98C}.Release|iPhone.Build.0 = Release|Any CPU
		{4D6A6F9F-49A2-4A85-B387-31E64A4CE98C}.Release|iPhone.Deploy.0 = Release|Any CPU
		{4D6A6F9F-49A2-4A85-B387-31E64A4CE98C}.Release|iPhoneSimulator.ActiveCfg = Release|Any CPU
		{4D6A6F9F-49A2-4A85-B387-31E64A4CE98C}.Release|iPhoneSimulator.Build.0 = Release|Any CPU
		{4D6A6F9F-49A2-4A85-B387-31E64A4CE98C}.Release|iPhoneSimulator.Deploy.0 = Release|Any CPU
		{CF84053C-0CBD-4BC9-9331-2D24401A1738}.Debug|Any CPU.ActiveCfg = Debug|iPhoneSimulator
		{CF84053C-0CBD-4BC9-9331-2D24401A1738}.Debug|Any CPU.Build.0 = Debug|iPhoneSimulator
		{CF84053C-0CBD-4BC9-9331-2D24401A1738}.Debug|Any CPU.Deploy.0 = Debug|iPhoneSimulator
		{CF84053C-0CBD-4BC9-9331-2D24401A1738}.Debug|iPhone.ActiveCfg = Debug|iPhone
		{CF84053C-0CBD-4BC9-9331-2D24401A1738}.Debug|iPhone.Build.0 = Debug|iPhone
		{CF84053C-0CBD-4BC9-9331-2D24401A1738}.Debug|iPhone.Deploy.0 = Debug|iPhone
		{CF84053C-0CBD-4BC9-9331-2D24401A1738}.Debug|iPhoneSimulator.ActiveCfg = Debug|iPhoneSimulator
		{CF84053C-0CBD-4BC9-9331-2D24401A1738}.Debug|iPhoneSimulator.Build.0 = Debug|iPhoneSimulator
		{CF84053C-0CBD-4BC9-9331-2D24401A1738}.Debug|iPhoneSimulator.Deploy.0 = Debug|iPhoneSimulator
		{CF84053C-0CBD-4BC9-9331-2D24401A1738}.Release|Any CPU.ActiveCfg = Release|iPhone
		{CF84053C-0CBD-4BC9-9331-2D24401A1738}.Release|Any CPU.Build.0 = Release|iPhone
		{CF84053C-0CBD-4BC9-9331-2D24401A1738}.Release|Any CPU.Deploy.0 = Release|iPhone
		{CF84053C-0CBD-4BC9-9331-2D24401A1738}.Release|iPhone.ActiveCfg = Release|iPhone
		{CF84053C-0CBD-4BC9-9331-2D24401A1738}.Release|iPhone.Build.0 = Release|iPhone
		{CF84053C-0CBD-4BC9-9331-2D24401A1738}.Release|iPhone.Deploy.0 = Release|iPhone
		{CF84053C-0CBD-4BC9-9331-2D24401A1738}.Release|iPhoneSimulator.ActiveCfg = Release|iPhoneSimulator
		{CF84053C-0CBD-4BC9-9331-2D24401A1738}.Release|iPhoneSimulator.Build.0 = Release|iPhoneSimulator
		{CF84053C-0CBD-4BC9-9331-2D24401A1738}.Release|iPhoneSimulator.Deploy.0 = Release|iPhoneSimulator
		{AE012215-A87D-4A8B-B338-5FC791BAC5F9}.Debug|Any CPU.ActiveCfg = Debug|Any CPU
		{AE012215-A87D-4A8B-B338-5FC791BAC5F9}.Debug|Any CPU.Build.0 = Debug|Any CPU
		{AE012215-A87D-4A8B-B338-5FC791BAC5F9}.Debug|Any CPU.Deploy.0 = Debug|Any CPU
		{AE012215-A87D-4A8B-B338-5FC791BAC5F9}.Debug|iPhone.ActiveCfg = Debug|Any CPU
		{AE012215-A87D-4A8B-B338-5FC791BAC5F9}.Debug|iPhone.Build.0 = Debug|Any CPU
		{AE012215-A87D-4A8B-B338-5FC791BAC5F9}.Debug|iPhone.Deploy.0 = Debug|Any CPU
		{AE012215-A87D-4A8B-B338-5FC791BAC5F9}.Debug|iPhoneSimulator.ActiveCfg = Debug|Any CPU
		{AE012215-A87D-4A8B-B338-5FC791BAC5F9}.Debug|iPhoneSimulator.Build.0 = Debug|Any CPU
		{AE012215-A87D-4A8B-B338-5FC791BAC5F9}.Debug|iPhoneSimulator.Deploy.0 = Debug|Any CPU
		{AE012215-A87D-4A8B-B338-5FC791BAC5F9}.Release|Any CPU.ActiveCfg = Release|Any CPU
		{AE012215-A87D-4A8B-B338-5FC791BAC5F9}.Release|Any CPU.Build.0 = Release|Any CPU
		{AE012215-A87D-4A8B-B338-5FC791BAC5F9}.Release|Any CPU.Deploy.0 = Release|Any CPU
		{AE012215-A87D-4A8B-B338-5FC791BAC5F9}.Release|iPhone.ActiveCfg = Release|Any CPU
		{AE012215-A87D-4A8B-B338-5FC791BAC5F9}.Release|iPhone.Build.0 = Release|Any CPU
		{AE012215-A87D-4A8B-B338-5FC791BAC5F9}.Release|iPhone.Deploy.0 = Release|Any CPU
		{AE012215-A87D-4A8B-B338-5FC791BAC5F9}.Release|iPhoneSimulator.ActiveCfg = Release|Any CPU
		{AE012215-A87D-4A8B-B338-5FC791BAC5F9}.Release|iPhoneSimulator.Build.0 = Release|Any CPU
		{AE012215-A87D-4A8B-B338-5FC791BAC5F9}.Release|iPhoneSimulator.Deploy.0 = Release|Any CPU
	EndGlobalSection
	GlobalSection(SolutionProperties) = preSolution
		HideSolutionNode = FALSE
	EndGlobalSection
	GlobalSection(ExtensibilityGlobals) = postSolution
		SolutionGuid = {26E50D42-EB01-40D1-AFA0-5E47E1C83BFE}
	EndGlobalSection
EndGlobal
